// !$*UTF8*$!
{
	archiveVersion = 1;
	classes = {
	};
	objectVersion = 46;
	objects = {

/* Begin PBXBuildFile section */
		A3561AAB1BA173FC003E4BFB /* main.swift in Sources */ = {isa = PBXBuildFile; fileRef = A3561AAA1BA173FC003E4BFB /* main.swift */; };
		A3561AB21BA1751D003E4BFB /* StreamReader.swift in Sources */ = {isa = PBXBuildFile; fileRef = A3561AB11BA1751D003E4BFB /* StreamReader.swift */; settings = {ASSET_TAGS = (); }; };
		A3561AB41BA178CC003E4BFB /* PriorityQueue.swift in Sources */ = {isa = PBXBuildFile; fileRef = A3561AB31BA178CC003E4BFB /* PriorityQueue.swift */; settings = {ASSET_TAGS = (); }; };
		A3561AB61BA19662003E4BFB /* Airport.swift in Sources */ = {isa = PBXBuildFile; fileRef = A3561AB51BA19662003E4BFB /* Airport.swift */; settings = {ASSET_TAGS = (); }; };
		A3CC89B21BA24ADC00D2D0B2 /* AirportTypes.swift in Sources */ = {isa = PBXBuildFile; fileRef = A3CC89B11BA24ADC00D2D0B2 /* AirportTypes.swift */; settings = {ASSET_TAGS = (); }; };
/* End PBXBuildFile section */

/* Begin PBXCopyFilesBuildPhase section */
		A3561AA51BA173FC003E4BFB /* CopyFiles */ = {
			isa = PBXCopyFilesBuildPhase;
			buildActionMask = 2147483647;
			dstPath = /usr/share/man/man1/;
			dstSubfolderSpec = 0;
			files = (
			);
			runOnlyForDeploymentPostprocessing = 1;
		};
/* End PBXCopyFilesBuildPhase section */

/* Begin PBXFileReference section */
		A3561AA71BA173FC003E4BFB /* AirportQueue */ = {isa = PBXFileReference; explicitFileType = "compiled.mach-o.executable"; includeInIndex = 0; path = AirportQueue; sourceTree = BUILT_PRODUCTS_DIR; };
		A3561AAA1BA173FC003E4BFB /* main.swift */ = {isa = PBXFileReference; lastKnownFileType = sourcecode.swift; path = main.swift; sourceTree = "<group>"; };
		A3561AB11BA1751D003E4BFB /* StreamReader.swift */ = {isa = PBXFileReference; fileEncoding = 4; lastKnownFileType = sourcecode.swift; path = StreamReader.swift; sourceTree = "<group>"; };
		A3561AB31BA178CC003E4BFB /* PriorityQueue.swift */ = {isa = PBXFileReference; fileEncoding = 4; lastKnownFileType = sourcecode.swift; path = PriorityQueue.swift; sourceTree = "<group>"; };
		A3561AB51BA19662003E4BFB /* Airport.swift */ = {isa = PBXFileReference; fileEncoding = 4; lastKnownFileType = sourcecode.swift; path = Airport.swift; sourceTree = "<group>"; };
		A3CC89B11BA24ADC00D2D0B2 /* AirportTypes.swift */ = {isa = PBXFileReference; fileEncoding = 4; lastKnownFileType = sourcecode.swift; path = AirportTypes.swift; sourceTree = "<group>"; };
		A3CC89B31BA24E2E00D2D0B2 /* ass2data.txt */ = {isa = PBXFileReference; lastKnownFileType = text; path = ass2data.txt; sourceTree = "<group>"; };
/* End PBXFileReference section */

/* Begin PBXFrameworksBuildPhase section */
		A3561AA41BA173FC003E4BFB /* Frameworks */ = {
			isa = PBXFrameworksBuildPhase;
			buildActionMask = 2147483647;
			files = (
			);
			runOnlyForDeploymentPostprocessing = 0;
		};
/* End PBXFrameworksBuildPhase section */

/* Begin PBXGroup section */
		A3561A9E1BA173FC003E4BFB = {
			isa = PBXGroup;
			children = (
				A3561AA91BA173FC003E4BFB /* AirportQueue */,
				A3561AA81BA173FC003E4BFB /* Products */,
			);
			sourceTree = "<group>";
		};
		A3561AA81BA173FC003E4BFB /* Products */ = {
			isa = PBXGroup;
			children = (
				A3561AA71BA173FC003E4BFB /* AirportQueue */,
			);
			name = Products;
			sourceTree = "<group>";
		};
		A3561AA91BA173FC003E4BFB /* AirportQueue */ = {
			isa = PBXGroup;
			children = (
				A3CC89B31BA24E2E00D2D0B2 /* ass2data.txt */,
				A3561AAA1BA173FC003E4BFB /* main.swift */,
				A3561AB11BA1751D003E4BFB /* StreamReader.swift */,
				A3561AB31BA178CC003E4BFB /* PriorityQueue.swift */,
				A3561AB51BA19662003E4BFB /* Airport.swift */,
				A3CC89B11BA24ADC00D2D0B2 /* AirportTypes.swift */,
			);
			path = AirportQueue;
			sourceTree = "<group>";
		};
/* End PBXGroup section */

/* Begin PBXNativeTarget section */
		A3561AA61BA173FC003E4BFB /* AirportQueue */ = {
			isa = PBXNativeTarget;
			buildConfigurationList = A3561AAE1BA173FC003E4BFB /* Build configuration list for PBXNativeTarget "AirportQueue" */;
			buildPhases = (
				A3561AA31BA173FC003E4BFB /* Sources */,
				A3561AA41BA173FC003E4BFB /* Frameworks */,
				A3561AA51BA173FC003E4BFB /* CopyFiles */,
			);
			buildRules = (
			);
			dependencies = (
			);
			name = AirportQueue;
			productName = AirportQueue;
			productReference = A3561AA71BA173FC003E4BFB /* AirportQueue */;
			productType = "com.apple.product-type.tool";
		};
/* End PBXNativeTarget section */

/* Begin PBXProject section */
		A3561A9F1BA173FC003E4BFB /* Project object */ = {
			isa = PBXProject;
			attributes = {
				LastUpgradeCheck = 0700;
				ORGANIZATIONNAME = "Benjamin Johnson";
				TargetAttributes = {
					A3561AA61BA173FC003E4BFB = {
						CreatedOnToolsVersion = 7.0;
					};
				};
			};
			buildConfigurationList = A3561AA21BA173FC003E4BFB /* Build configuration list for PBXProject "AirportQueue" */;
			compatibilityVersion = "Xcode 3.2";
			developmentRegion = English;
			hasScannedForEncodings = 0;
			knownRegions = (
				en,
			);
			mainGroup = A3561A9E1BA173FC003E4BFB;
			productRefGroup = A3561AA81BA173FC003E4BFB /* Products */;
			projectDirPath = "";
			projectRoot = "";
			targets = (
				A3561AA61BA173FC003E4BFB /* AirportQueue */,
			);
		};
/* End PBXProject section */

/* Begin PBXSourcesBuildPhase section */
		A3561AA31BA173FC003E4BFB /* Sources */ = {
			isa = PBXSourcesBuildPhase;
			buildActionMask = 2147483647;
			files = (
				A3CC89B21BA24ADC00D2D0B2 /* AirportTypes.swift in Sources */,
				A3561AB21BA1751D003E4BFB /* StreamReader.swift in Sources */,
				A3561AB61BA19662003E4BFB /* Airport.swift in Sources */,
				A3561AAB1BA173FC003E4BFB /* main.swift in Sources */,
				A3561AB41BA178CC003E4BFB /* PriorityQueue.swift in Sources */,
			);
			runOnlyForDeploymentPostprocessing = 0;
		};
/* End PBXSourcesBuildPhase section */

/* Begin XCBuildConfiguration section */
		A3561AAC1BA173FC003E4BFB /* Debug */ = {
			isa = XCBuildConfiguration;
			buildSettings = {
				ALWAYS_SEARCH_USER_PATHS = NO;
				CLANG_CXX_LANGUAGE_STANDARD = "gnu++0x";
				CLANG_CXX_LIBRARY = "libc++";
				CLANG_ENABLE_MODULES = YES;
				CLANG_ENABLE_OBJC_ARC = YES;
				CLANG_WARN_BOOL_CONVERSION = YES;
				CLANG_WARN_CONSTANT_CONVERSION = YES;
				CLANG_WARN_DIRECT_OBJC_ISA_USAGE = YES_ERROR;
				CLANG_WARN_EMPTY_BODY = YES;
				CLANG_WARN_ENUM_CONVERSION = YES;
				CLANG_WARN_INT_CONVERSION = YES;
				CLANG_WARN_OBJC_ROOT_CLASS = YES_ERROR;
				CLANG_WARN_UNREACHABLE_CODE = YES;
				CLANG_WARN__DUPLICATE_METHOD_MATCH = YES;
				COPY_PHASE_STRIP = NO;
				DEBUG_INFORMATION_FORMAT = dwarf;
				ENABLE_STRICT_OBJC_MSGSEND = YES;
				ENABLE_TESTABILITY = YES;
				GCC_C_LANGUAGE_STANDARD = gnu99;
				GCC_DYNAMIC_NO_PIC = NO;
				GCC_NO_COMMON_BLOCKS = YES;
				GCC_OPTIMIZATION_LEVEL = 0;
				GCC_PREPROCESSOR_DEFINITIONS = (
					"DEBUG=1",
					"$(inherited)",
				);
				GCC_WARN_64_TO_32_BIT_CONVERSION = YES;
				GCC_WARN_ABOUT_RETURN_TYPE = YES_ERROR;
				GCC_WARN_UNDECLARED_SELECTOR = YES;
				GCC_WARN_UNINITIALIZED_AUTOS = YES_AGGRESSIVE;
				GCC_WARN_UNUSED_FUNCTION = YES;
				GCC_WARN_UNUSED_VARIABLE = YES;
				MACOSX_DEPLOYMENT_TARGET = 10.10;
				MTL_ENABLE_DEBUG_INFO = YES;
				ONLY_ACTIVE_ARCH = YES;
				SDKROOT = macosx;
				SWIFT_OPTIMIZATION_LEVEL = "-Onone";
			};
			name = Debug;
		};
		A3561AAD1BA173FC003E4BFB /* Release */ = {
			isa = XCBuildConfiguration;
			buildSettings = {
				ALWAYS_SEARCH_USER_PATHS = NO;
				CLANG_CXX_LANGUAGE_STANDARD = "gnu++0x";
				CLANG_CXX_LIBRARY = "libc++";
				CLANG_ENABLE_MODULES = YES;
				CLANG_ENABLE_OBJC_ARC = YES;
				CLANG_WARN_BOOL_CONVERSION = YES;
				CLANG_WARN_CONSTANT_CONVERSION = YES;
				CLANG_WARN_DIRECT_OBJC_ISA_USAGE = YES_ERROR;
				CLANG_WARN_EMPTY_BODY = YES;
				CLANG_WARN_ENUM_CONVERSION = YES;
				CLANG_WARN_INT_CONVERSION = YES;
				CLANG_WARN_OBJC_ROOT_CLASS = YES_ERROR;
				CLANG_WARN_UNREACHABLE_CODE = YES;
				CLANG_WARN__DUPLICATE_METHOD_MATCH = YES;
				COPY_PHASE_STRIP = NO;
				DEBUG_INFORMATION_FORMAT = "dwarf-with-dsym";
				ENABLE_NS_ASSERTIONS = NO;
				ENABLE_STRICT_OBJC_MSGSEND = YES;
				GCC_C_LANGUAGE_STANDARD = gnu99;
				GCC_NO_COMMON_BLOCKS = YES;
				GCC_WARN_64_TO_32_BIT_CONVERSION = YES;
				GCC_WARN_ABOUT_RETURN_TYPE = YES_ERROR;
				GCC_WARN_UNDECLARED_SELECTOR = YES;
				GCC_WARN_UNINITIALIZED_AUTOS = YES_AGGRESSIVE;
				GCC_WARN_UNUSED_FUNCTION = YES;
				GCC_WARN_UNUSED_VARIABLE = YES;
				MACOSX_DEPLOYMENT_TARGET = 10.10;
				MTL_ENABLE_DEBUG_INFO = NO;
				SDKROOT = macosx;
			};
			name = Release;
		};
		A3561AAF1BA173FC003E4BFB /* Debug */ = {
			isa = XCBuildConfiguration;
			buildSettings = {
				PRODUCT_NAME = "$(TARGET_NAME)";
			};
			name = Debug;
		};
		A3561AB01BA173FC003E4BFB /* Release */ = {
			isa = XCBuildConfiguration;
			buildSettings = {
				PRODUCT_NAME = "$(TARGET_NAME)";
			};
			name = Release;
		};
/* End XCBuildConfiguration section */

/* Begin XCConfigurationList section */
		A3561AA21BA173FC003E4BFB /* Build configuration list for PBXProject "AirportQueue" */ = {
			isa = XCConfigurationList;
			buildConfigurations = (
				A3561AAC1BA173FC003E4BFB /* Debug */,
				A3561AAD1BA173FC003E4BFB /* Release */,
			);
			defaultConfigurationIsVisible = 0;
			defaultConfigurationName = Release;
		};
		A3561AAE1BA173FC003E4BFB /* Build configuration list for PBXNativeTarget "AirportQueue" */ = {
			isa = XCConfigurationList;
			buildConfigurations = (
				A3561AAF1BA173FC003E4BFB /* Debug */,
				A3561AB01BA173FC003E4BFB /* Release */,
			);
			defaultConfigurationIsVisible = 0;
			defaultConfigurationName = Release;
		};
/* End XCConfigurationList section */
	};
	rootObject = A3561A9F1BA173FC003E4BFB /* Project object */;
}
